
Microsoft Visual Studio Solution File, Format Version 10.00
# Visual Studio 2008
Project("{8BC9CEB8-8B4A-11D0-8D11-00A0C91BC942}") = "ftnd", "ftnd\ftnd.vcproj", "{A6FF108D-8380-40C4-987A-8C5012E4EC32}"
EndProject
Project("{8BC9CEB8-8B4A-11D0-8D11-00A0C91BC942}") = "ftndtest", "ftndtest\ftndtest.vcproj", "{138C1968-5033-48F8-9D3C-E3672AE02048}"
	ProjectSection(ProjectDependencies) = postProject
		{A6FF108D-8380-40C4-987A-8C5012E4EC32} = {A6FF108D-8380-40C4-987A-8C5012E4EC32}
	EndProjectSection
EndProject
Project("{8BC9CEB8-8B4A-11D0-8D11-00A0C91BC942}") = "fileclient", "fileclient\fileclient.vcproj", "{E0562271-0724-41B1-A1D1-1C9306F88ADB}"
	ProjectSection(ProjectDependencies) = postProject
		{A6FF108D-8380-40C4-987A-8C5012E4EC32} = {A6FF108D-8380-40C4-987A-8C5012E4EC32}
	EndProjectSection
EndProject
Global
	GlobalSection(SolutionConfigurationPlatforms) = preSolution
		Debug MT|Win32 = Debug MT|Win32
		Debug|Win32 = Debug|Win32
		Release MT|Win32 = Release MT|Win32
		Release|Win32 = Release|Win32
	EndGlobalSection
	GlobalSection(ProjectConfigurationPlatforms) = postSolution
		{A6FF108D-8380-40C4-987A-8C5012E4EC32}.Debug MT|Win32.ActiveCfg = Debug MT|Win32
		{A6FF108D-8380-40C4-987A-8C5012E4EC32}.Debug MT|Win32.Build.0 = Debug MT|Win32
		{A6FF108D-8380-40C4-987A-8C5012E4EC32}.Debug|Win32.ActiveCfg = Debug|Win32
		{A6FF108D-8380-40C4-987A-8C5012E4EC32}.Debug|Win32.Build.0 = Debug|Win32
		{A6FF108D-8380-40C4-987A-8C5012E4EC32}.Release MT|Win32.ActiveCfg = Release MT|Win32
		{A6FF108D-8380-40C4-987A-8C5012E4EC32}.Release MT|Win32.Build.0 = Release MT|Win32
		{A6FF108D-8380-40C4-987A-8C5012E4EC32}.Release|Win32.ActiveCfg = Release|Win32
		{A6FF108D-8380-40C4-987A-8C5012E4EC32}.Release|Win32.Build.0 = Release|Win32
		{138C1968-5033-48F8-9D3C-E3672AE02048}.Debug MT|Win32.ActiveCfg = Debug MT|Win32
		{138C1968-5033-48F8-9D3C-E3672AE02048}.Debug MT|Win32.Build.0 = Debug MT|Win32
		{138C1968-5033-48F8-9D3C-E3672AE02048}.Debug|Win32.ActiveCfg = Debug|Win32
		{138C1968-5033-48F8-9D3C-E3672AE02048}.Debug|Win32.Build.0 = Debug|Win32
		{138C1968-5033-48F8-9D3C-E3672AE02048}.Release MT|Win32.ActiveCfg = Release MT|Win32
		{138C1968-5033-48F8-9D3C-E3672AE02048}.Release MT|Win32.Build.0 = Release MT|Win32
		{138C1968-5033-48F8-9D3C-E3672AE02048}.Release|Win32.ActiveCfg = Release|Win32
		{138C1968-5033-48F8-9D3C-E3672AE02048}.Release|Win32.Build.0 = Release|Win32
		{E0562271-0724-41B1-A1D1-1C9306F88ADB}.Debug MT|Win32.ActiveCfg = Debug MT|Win32
		{E0562271-0724-41B1-A1D1-1C9306F88ADB}.Debug MT|Win32.Build.0 = Debug MT|Win32
		{E0562271-0724-41B1-A1D1-1C9306F88ADB}.Debug|Win32.ActiveCfg = Debug|Win32
		{E0562271-0724-41B1-A1D1-1C9306F88ADB}.Debug|Win32.Build.0 = Debug|Win32
		{E0562271-0724-41B1-A1D1-1C9306F88ADB}.Release MT|Win32.ActiveCfg = Release MT|Win32
		{E0562271-0724-41B1-A1D1-1C9306F88ADB}.Release MT|Win32.Build.0 = Release MT|Win32
		{E0562271-0724-41B1-A1D1-1C9306F88ADB}.Release|Win32.ActiveCfg = Release|Win32
		{E0562271-0724-41B1-A1D1-1C9306F88ADB}.Release|Win32.Build.0 = Release|Win32
	EndGlobalSection
	GlobalSection(SolutionProperties) = preSolution
		HideSolutionNode = FALSE
	EndGlobalSection
EndGlobal
